// !$*UTF8*$!
{
	archiveVersion = 1;
	classes = {
	};
	objectVersion = 46;
	objects = {

/* Begin PBXBuildFile section */
		8B0463A718A04F1A00869FE7 /* Foundation.framework in Frameworks */ = {isa = PBXBuildFile; fileRef = 8B0463A618A04F1A00869FE7 /* Foundation.framework */; };
		8B0463A918A04F1A00869FE7 /* CoreGraphics.framework in Frameworks */ = {isa = PBXBuildFile; fileRef = 8B0463A818A04F1A00869FE7 /* CoreGraphics.framework */; };
		8B0463AB18A04F1A00869FE7 /* UIKit.framework in Frameworks */ = {isa = PBXBuildFile; fileRef = 8B0463AA18A04F1A00869FE7 /* UIKit.framework */; };
		8B0463B118A04F1A00869FE7 /* InfoPlist.strings in Resources */ = {isa = PBXBuildFile; fileRef = 8B0463AF18A04F1A00869FE7 /* InfoPlist.strings */; };
		8B0463B318A04F1A00869FE7 /* main.m in Sources */ = {isa = PBXBuildFile; fileRef = 8B0463B218A04F1A00869FE7 /* main.m */; };
		8B0463B718A04F1A00869FE7 /* AppDelegate.m in Sources */ = {isa = PBXBuildFile; fileRef = 8B0463B618A04F1A00869FE7 /* AppDelegate.m */; };
		8B0463BA18A04F1A00869FE7 /* Main.storyboard in Resources */ = {isa = PBXBuildFile; fileRef = 8B0463B818A04F1A00869FE7 /* Main.storyboard */; };
		8B0463BF18A04F1A00869FE7 /* Images.xcassets in Resources */ = {isa = PBXBuildFile; fileRef = 8B0463BE18A04F1A00869FE7 /* Images.xcassets */; };
		8B0463C618A04F1A00869FE7 /* XCTest.framework in Frameworks */ = {isa = PBXBuildFile; fileRef = 8B0463C518A04F1A00869FE7 /* XCTest.framework */; };
		8B0463C718A04F1A00869FE7 /* Foundation.framework in Frameworks */ = {isa = PBXBuildFile; fileRef = 8B0463A618A04F1A00869FE7 /* Foundation.framework */; };
		8B0463C818A04F1A00869FE7 /* UIKit.framework in Frameworks */ = {isa = PBXBuildFile; fileRef = 8B0463AA18A04F1A00869FE7 /* UIKit.framework */; };
		8B0463D018A04F1A00869FE7 /* InfoPlist.strings in Resources */ = {isa = PBXBuildFile; fileRef = 8B0463CE18A04F1A00869FE7 /* InfoPlist.strings */; };
		8B0463D218A04F1A00869FE7 /* GrinnellPlans_iOSTests.m in Sources */ = {isa = PBXBuildFile; fileRef = 8B0463D118A04F1A00869FE7 /* GrinnellPlans_iOSTests.m */; };
		8B52BFE818C2665C00857982 /* Plan.m in Sources */ = {isa = PBXBuildFile; fileRef = 8B52BFE718C2665C00857982 /* Plan.m */; };
		8B52BFF218C2E0CD00857982 /* SyntexHighlightTextStorage.m in Sources */ = {isa = PBXBuildFile; fileRef = 8B52BFF118C2E0CD00857982 /* SyntexHighlightTextStorage.m */; };
		8B52BFFB18C2EAA600857982 /* GTMNSString+HTML.m in Sources */ = {isa = PBXBuildFile; fileRef = 8B52BFF818C2EAA600857982 /* GTMNSString+HTML.m */; };
		8B52C0AC18C2ED7300857982 /* P2MSCaretView.m in Sources */ = {isa = PBXBuildFile; fileRef = 8B52C09818C2ED7300857982 /* P2MSCaretView.m */; };
		8B52C0AD18C2ED7300857982 /* P2MSContentView.m in Sources */ = {isa = PBXBuildFile; fileRef = 8B52C09A18C2ED7300857982 /* P2MSContentView.m */; };
		8B52C0AE18C2ED7300857982 /* P2MSGlobalFunctions.m in Sources */ = {isa = PBXBuildFile; fileRef = 8B52C09C18C2ED7300857982 /* P2MSGlobalFunctions.m */; };
		8B52C0AF18C2ED7300857982 /* P2MSHTMLNode.m in Sources */ = {isa = PBXBuildFile; fileRef = 8B52C09E18C2ED7300857982 /* P2MSHTMLNode.m */; };
		8B52C0B018C2ED7300857982 /* P2MSIndexedPosition.m in Sources */ = {isa = PBXBuildFile; fileRef = 8B52C0A018C2ED7300857982 /* P2MSIndexedPosition.m */; };
		8B52C0B118C2ED7300857982 /* P2MSIndexedRange.m in Sources */ = {isa = PBXBuildFile; fileRef = 8B52C0A218C2ED7300857982 /* P2MSIndexedRange.m */; };
		8B52C0B218C2ED7300857982 /* P2MSLinkViewController.m in Sources */ = {isa = PBXBuildFile; fileRef = 8B52C0A418C2ED7300857982 /* P2MSLinkViewController.m */; };
		8B52C0B318C2ED7300857982 /* P2MSSelectionView.m in Sources */ = {isa = PBXBuildFile; fileRef = 8B52C0A618C2ED7300857982 /* P2MSSelectionView.m */; };
		8B52C0B418C2ED7300857982 /* P2MSTextWindow.m in Sources */ = {isa = PBXBuildFile; fileRef = 8B52C0A918C2ED7300857982 /* P2MSTextWindow.m */; };
		8B52C0B518C2ED7300857982 /* P2MSWindowView.m in Sources */ = {isa = PBXBuildFile; fileRef = 8B52C0AB18C2ED7300857982 /* P2MSWindowView.m */; };
		8B52C0B818C2ED9000857982 /* DefaultKB.png in Resources */ = {isa = PBXBuildFile; fileRef = 8B52C0B618C2ED9000857982 /* DefaultKB.png */; };
		8B52C0B918C2ED9000857982 /* FormatKB.png in Resources */ = {isa = PBXBuildFile; fileRef = 8B52C0B718C2ED9000857982 /* FormatKB.png */; };
		8B52C0F318C2EDA800857982 /* alphabetKB-dim.png in Resources */ = {isa = PBXBuildFile; fileRef = 8B52C0BA18C2EDA700857982 /* alphabetKB-dim.png */; };
		8B52C0F418C2EDA800857982 /* alphabetKB-dim@2x.png in Resources */ = {isa = PBXBuildFile; fileRef = 8B52C0BB18C2EDA700857982 /* alphabetKB-dim@2x.png */; };
		8B52C0F518C2EDA800857982 /* alphabetKB.png in Resources */ = {isa = PBXBuildFile; fileRef = 8B52C0BC18C2EDA700857982 /* alphabetKB.png */; };
		8B52C0F618C2EDA800857982 /* alphabetKB@2x.png in Resources */ = {isa = PBXBuildFile; fileRef = 8B52C0BD18C2EDA700857982 /* alphabetKB@2x.png */; };
		8B52C0F718C2EDA800857982 /* blockquote-icon@2x.png in Resources */ = {isa = PBXBuildFile; fileRef = 8B52C0BE18C2EDA700857982 /* blockquote-icon@2x.png */; };
		8B52C0F818C2EDA800857982 /* bold-icon-hover@2x.png in Resources */ = {isa = PBXBuildFile; fileRef = 8B52C0BF18C2EDA700857982 /* bold-icon-hover@2x.png */; };
		8B52C0F918C2EDA800857982 /* bold-icon@2x.png in Resources */ = {isa = PBXBuildFile; fileRef = 8B52C0C018C2EDA700857982 /* bold-icon@2x.png */; };
		8B52C0FA18C2EDA800857982 /* bullet-hover@2x.png in Resources */ = {isa = PBXBuildFile; fileRef = 8B52C0C118C2EDA700857982 /* bullet-hover@2x.png */; };
		8B52C0FB18C2EDA800857982 /* bullet@2x.png in Resources */ = {isa = PBXBuildFile; fileRef = 8B52C0C218C2EDA700857982 /* bullet@2x.png */; };
		8B52C0FC18C2EDA800857982 /* button_close@2x.png in Resources */ = {isa = PBXBuildFile; fileRef = 8B52C0C318C2EDA700857982 /* button_close@2x.png */; };
		8B52C0FD18C2EDA800857982 /* checkbox@2x.png in Resources */ = {isa = PBXBuildFile; fileRef = 8B52C0C418C2EDA700857982 /* checkbox@2x.png */; };
		8B52C0FE18C2EDA800857982 /* drag-dot@2x.png in Resources */ = {isa = PBXBuildFile; fileRef = 8B52C0C518C2EDA700857982 /* drag-dot@2x.png */; };
		8B52C0FF18C2EDA800857982 /* highlight-icon-hover@2x.png in Resources */ = {isa = PBXBuildFile; fileRef = 8B52C0C618C2EDA700857982 /* highlight-icon-hover@2x.png */; };
		8B52C10018C2EDA800857982 /* highlight-icon@2x.png in Resources */ = {isa = PBXBuildFile; fileRef = 8B52C0C718C2EDA700857982 /* highlight-icon@2x.png */; };
		8B52C10118C2EDA800857982 /* italic-icon-hover@2x.png in Resources */ = {isa = PBXBuildFile; fileRef = 8B52C0C818C2EDA700857982 /* italic-icon-hover@2x.png */; };
		8B52C10218C2EDA800857982 /* italic-icon@2x.png in Resources */ = {isa = PBXBuildFile; fileRef = 8B52C0C918C2EDA700857982 /* italic-icon@2x.png */; };
		8B52C10318C2EDA800857982 /* keyboard_down_arrow.png in Resources */ = {isa = PBXBuildFile; fileRef = 8B52C0CA18C2EDA700857982 /* keyboard_down_arrow.png */; };
		8B52C10418C2EDA800857982 /* keyboard_down_arrow@2x.png in Resources */ = {isa = PBXBuildFile; fileRef = 8B52C0CB18C2EDA700857982 /* keyboard_down_arrow@2x.png */; };
		8B52C10518C2EDA800857982 /* keyboard_icon-hover.png in Resources */ = {isa = PBXBuildFile; fileRef = 8B52C0CC18C2EDA700857982 /* keyboard_icon-hover.png */; };
		8B52C10618C2EDA800857982 /* keyboard_icon-hover@2x.png in Resources */ = {isa = PBXBuildFile; fileRef = 8B52C0CD18C2EDA700857982 /* keyboard_icon-hover@2x.png */; };
		8B52C10718C2EDA800857982 /* keyboard_icon.png in Resources */ = {isa = PBXBuildFile; fileRef = 8B52C0CE18C2EDA700857982 /* keyboard_icon.png */; };
		8B52C10818C2EDA800857982 /* keyboard_icon@2x.png in Resources */ = {isa = PBXBuildFile; fileRef = 8B52C0CF18C2EDA700857982 /* keyboard_icon@2x.png */; };
		8B52C10918C2EDA800857982 /* left-button-bg.png in Resources */ = {isa = PBXBuildFile; fileRef = 8B52C0D018C2EDA700857982 /* left-button-bg.png */; };
		8B52C10A18C2EDA800857982 /* left-button-bg@2x.png in Resources */ = {isa = PBXBuildFile; fileRef = 8B52C0D118C2EDA700857982 /* left-button-bg@2x.png */; };
		8B52C10B18C2EDA800857982 /* left-up-round-background.png in Resources */ = {isa = PBXBuildFile; fileRef = 8B52C0D218C2EDA700857982 /* left-up-round-background.png */; };
		8B52C10C18C2EDA800857982 /* left-up-round-background@2x.png in Resources */ = {isa = PBXBuildFile; fileRef = 8B52C0D318C2EDA700857982 /* left-up-round-background@2x.png */; };
		8B52C10D18C2EDA800857982 /* leftindent@2x.png in Resources */ = {isa = PBXBuildFile; fileRef = 8B52C0D418C2EDA700857982 /* leftindent@2x.png */; };
		8B52C10E18C2EDA800857982 /* link-hover@2x.png in Resources */ = {isa = PBXBuildFile; fileRef = 8B52C0D518C2EDA700857982 /* link-hover@2x.png */; };
		8B52C10F18C2EDA800857982 /* link@2x.png in Resources */ = {isa = PBXBuildFile; fileRef = 8B52C0D618C2EDA700857982 /* link@2x.png */; };
		8B52C11018C2EDA800857982 /* loading.png in Resources */ = {isa = PBXBuildFile; fileRef = 8B52C0D718C2EDA700857982 /* loading.png */; };
		8B52C11118C2EDA800857982 /* loading@2x.png in Resources */ = {isa = PBXBuildFile; fileRef = 8B52C0D818C2EDA700857982 /* loading@2x.png */; };
		8B52C11218C2EDA800857982 /* loupe-lo-old@2x.png in Resources */ = {isa = PBXBuildFile; fileRef = 8B52C0D918C2EDA700857982 /* loupe-lo-old@2x.png */; };
		8B52C11318C2EDA800857982 /* loupe-mask@2x.png in Resources */ = {isa = PBXBuildFile; fileRef = 8B52C0DA18C2EDA700857982 /* loupe-mask@2x.png */; };
		8B52C11418C2EDA800857982 /* loupe@2x.png in Resources */ = {isa = PBXBuildFile; fileRef = 8B52C0DB18C2EDA700857982 /* loupe@2x.png */; };
		8B52C11518C2EDA800857982 /* magnifier-mask@2x.png in Resources */ = {isa = PBXBuildFile; fileRef = 8B52C0DC18C2EDA700857982 /* magnifier-mask@2x.png */; };
		8B52C11618C2EDA800857982 /* magnifier-ranged-lo@2x.png in Resources */ = {isa = PBXBuildFile; fileRef = 8B52C0DD18C2EDA700857982 /* magnifier-ranged-lo@2x.png */; };
		8B52C11718C2EDA800857982 /* magnifier-ranged-mask@2x.png in Resources */ = {isa = PBXBuildFile; fileRef = 8B52C0DE18C2EDA700857982 /* magnifier-ranged-mask@2x.png */; };
		8B52C11818C2EDA800857982 /* magnifier@2x.png in Resources */ = {isa = PBXBuildFile; fileRef = 8B52C0DF18C2EDA700857982 /* magnifier@2x.png */; };
		8B52C11918C2EDA800857982 /* numbering-hover@2x.png in Resources */ = {isa = PBXBuildFile; fileRef = 8B52C0E018C2EDA700857982 /* numbering-hover@2x.png */; };
		8B52C11A18C2EDA800857982 /* numbering@2x.png in Resources */ = {isa = PBXBuildFile; fileRef = 8B52C0E118C2EDA700857982 /* numbering@2x.png */; };
		8B52C11B18C2EDA800857982 /* paragraph-icon@2x.png in Resources */ = {isa = PBXBuildFile; fileRef = 8B52C0E218C2EDA700857982 /* paragraph-icon@2x.png */; };
		8B52C11C18C2EDA800857982 /* rectangle-background.png in Resources */ = {isa = PBXBuildFile; fileRef = 8B52C0E318C2EDA700857982 /* rectangle-background.png */; };
		8B52C11D18C2EDA800857982 /* rectangle-background@2x.png in Resources */ = {isa = PBXBuildFile; fileRef = 8B52C0E418C2EDA700857982 /* rectangle-background@2x.png */; };
		8B52C11E18C2EDA800857982 /* right-up-round-background.png in Resources */ = {isa = PBXBuildFile; fileRef = 8B52C0E518C2EDA700857982 /* right-up-round-background.png */; };
		8B52C11F18C2EDA800857982 /* right-up-round-background@2x.png in Resources */ = {isa = PBXBuildFile; fileRef = 8B52C0E618C2EDA700857982 /* right-up-round-background@2x.png */; };
		8B52C12018C2EDA800857982 /* rightindent.png in Resources */ = {isa = PBXBuildFile; fileRef = 8B52C0E718C2EDA700857982 /* rightindent.png */; };
		8B52C12118C2EDA800857982 /* rightindent@2x.png in Resources */ = {isa = PBXBuildFile; fileRef = 8B52C0E818C2EDA700857982 /* rightindent@2x.png */; };
		8B52C12218C2EDA800857982 /* round-corner-button.png in Resources */ = {isa = PBXBuildFile; fileRef = 8B52C0E918C2EDA700857982 /* round-corner-button.png */; };
		8B52C12318C2EDA800857982 /* round-corner-button@2x.png in Resources */ = {isa = PBXBuildFile; fileRef = 8B52C0EA18C2EDA700857982 /* round-corner-button@2x.png */; };
		8B52C12418C2EDA800857982 /* section-icon.png in Resources */ = {isa = PBXBuildFile; fileRef = 8B52C0EB18C2EDA700857982 /* section-icon.png */; };
		8B52C12518C2EDA800857982 /* section-icon@2x.png in Resources */ = {isa = PBXBuildFile; fileRef = 8B52C0EC18C2EDA700857982 /* section-icon@2x.png */; };
		8B52C12618C2EDA800857982 /* selection-dot@2x.png in Resources */ = {isa = PBXBuildFile; fileRef = 8B52C0ED18C2EDA700857982 /* selection-dot@2x.png */; };
		8B52C12718C2EDA800857982 /* strike-icon-hover@2x.png in Resources */ = {isa = PBXBuildFile; fileRef = 8B52C0EE18C2EDA700857982 /* strike-icon-hover@2x.png */; };
		8B52C12818C2EDA800857982 /* strike-icon@2x.png in Resources */ = {isa = PBXBuildFile; fileRef = 8B52C0EF18C2EDA700857982 /* strike-icon@2x.png */; };
		8B52C12918C2EDA800857982 /* subsection-icon@2x.png in Resources */ = {isa = PBXBuildFile; fileRef = 8B52C0F018C2EDA700857982 /* subsection-icon@2x.png */; };
		8B52C12A18C2EDA800857982 /* underline-icon-hover@2x.png in Resources */ = {isa = PBXBuildFile; fileRef = 8B52C0F118C2EDA700857982 /* underline-icon-hover@2x.png */; };
		8B52C12B18C2EDA800857982 /* underline-icon@2x.png in Resources */ = {isa = PBXBuildFile; fileRef = 8B52C0F218C2EDA700857982 /* underline-icon@2x.png */; };
		8B540B8018C2F3D200AB192E /* P2MSTextView.m in Sources */ = {isa = PBXBuildFile; fileRef = 8B540B7F18C2F3D200AB192E /* P2MSTextView.m */; };
		8B77930218B2CAE9007404B9 /* AutoReadCell.m in Sources */ = {isa = PBXBuildFile; fileRef = 8B77930118B2CAE9007404B9 /* AutoReadCell.m */; };
		BB995030D7744477A697B888 /* libPods.a in Frameworks */ = {isa = PBXBuildFile; fileRef = FF27D8043F4B4F6D8255F490 /* libPods.a */; };
		D0C3AD801918435F00418587 /* MainViewController.m in Sources */ = {isa = PBXBuildFile; fileRef = D0C3AD7F1918435F00418587 /* MainViewController.m */; };
		D0C9D600191BF8650084F061 /* AutoreadMenuViewController.m in Sources */ = {isa = PBXBuildFile; fileRef = D0C9D5FF191BF8650084F061 /* AutoreadMenuViewController.m */; };
		D0C9D603191BF9380084F061 /* MainMenuTableViewController.m in Sources */ = {isa = PBXBuildFile; fileRef = D0C9D602191BF9380084F061 /* MainMenuTableViewController.m */; };
		D0F5FD1B191C2A4600CDC427 /* EditPlanViewController.m in Sources */ = {isa = PBXBuildFile; fileRef = D0F5FD1A191C2A4600CDC427 /* EditPlanViewController.m */; };
		D0F5FD1E191C2CF900CDC427 /* QuickLoveViewController.m in Sources */ = {isa = PBXBuildFile; fileRef = D0F5FD1D191C2CF900CDC427 /* QuickLoveViewController.m */; };
/* End PBXBuildFile section */

/* Begin PBXContainerItemProxy section */
		8B0463C918A04F1A00869FE7 /* PBXContainerItemProxy */ = {
			isa = PBXContainerItemProxy;
			containerPortal = 8B04639B18A04F1A00869FE7 /* Project object */;
			proxyType = 1;
			remoteGlobalIDString = 8B0463A218A04F1A00869FE7;
			remoteInfo = "GrinnellPlans-iOS";
		};
/* End PBXContainerItemProxy section */

/* Begin PBXFileReference section */
		8B0463A318A04F1A00869FE7 /* GrinnellPlans-iOS.app */ = {isa = PBXFileReference; explicitFileType = wrapper.application; includeInIndex = 0; path = "GrinnellPlans-iOS.app"; sourceTree = BUILT_PRODUCTS_DIR; };
		8B0463A618A04F1A00869FE7 /* Foundation.framework */ = {isa = PBXFileReference; lastKnownFileType = wrapper.framework; name = Foundation.framework; path = System/Library/Frameworks/Foundation.framework; sourceTree = SDKROOT; };
		8B0463A818A04F1A00869FE7 /* CoreGraphics.framework */ = {isa = PBXFileReference; lastKnownFileType = wrapper.framework; name = CoreGraphics.framework; path = System/Library/Frameworks/CoreGraphics.framework; sourceTree = SDKROOT; };
		8B0463AA18A04F1A00869FE7 /* UIKit.framework */ = {isa = PBXFileReference; lastKnownFileType = wrapper.framework; name = UIKit.framework; path = System/Library/Frameworks/UIKit.framework; sourceTree = SDKROOT; };
		8B0463AE18A04F1A00869FE7 /* GrinnellPlans-iOS-Info.plist */ = {isa = PBXFileReference; lastKnownFileType = text.plist.xml; path = "GrinnellPlans-iOS-Info.plist"; sourceTree = "<group>"; };
		8B0463B018A04F1A00869FE7 /* en */ = {isa = PBXFileReference; lastKnownFileType = text.plist.strings; name = en; path = en.lproj/InfoPlist.strings; sourceTree = "<group>"; };
		8B0463B218A04F1A00869FE7 /* main.m */ = {isa = PBXFileReference; lastKnownFileType = sourcecode.c.objc; path = main.m; sourceTree = "<group>"; };
		8B0463B418A04F1A00869FE7 /* GrinnellPlans-iOS-Prefix.pch */ = {isa = PBXFileReference; lastKnownFileType = sourcecode.c.h; path = "GrinnellPlans-iOS-Prefix.pch"; sourceTree = "<group>"; };
		8B0463B518A04F1A00869FE7 /* AppDelegate.h */ = {isa = PBXFileReference; lastKnownFileType = sourcecode.c.h; path = AppDelegate.h; sourceTree = "<group>"; };
		8B0463B618A04F1A00869FE7 /* AppDelegate.m */ = {isa = PBXFileReference; lastKnownFileType = sourcecode.c.objc; path = AppDelegate.m; sourceTree = "<group>"; };
		8B0463B918A04F1A00869FE7 /* Base */ = {isa = PBXFileReference; lastKnownFileType = file.storyboard; name = Base; path = Base.lproj/Main.storyboard; sourceTree = "<group>"; };
		8B0463BE18A04F1A00869FE7 /* Images.xcassets */ = {isa = PBXFileReference; lastKnownFileType = folder.assetcatalog; path = Images.xcassets; sourceTree = "<group>"; };
		8B0463C418A04F1A00869FE7 /* GrinnellPlans-iOSTests.xctest */ = {isa = PBXFileReference; explicitFileType = wrapper.cfbundle; includeInIndex = 0; path = "GrinnellPlans-iOSTests.xctest"; sourceTree = BUILT_PRODUCTS_DIR; };
		8B0463C518A04F1A00869FE7 /* XCTest.framework */ = {isa = PBXFileReference; lastKnownFileType = wrapper.framework; name = XCTest.framework; path = Library/Frameworks/XCTest.framework; sourceTree = DEVELOPER_DIR; };
		8B0463CD18A04F1A00869FE7 /* GrinnellPlans-iOSTests-Info.plist */ = {isa = PBXFileReference; lastKnownFileType = text.plist.xml; path = "GrinnellPlans-iOSTests-Info.plist"; sourceTree = "<group>"; };
		8B0463CF18A04F1A00869FE7 /* en */ = {isa = PBXFileReference; lastKnownFileType = text.plist.strings; name = en; path = en.lproj/InfoPlist.strings; sourceTree = "<group>"; };
		8B0463D118A04F1A00869FE7 /* GrinnellPlans_iOSTests.m */ = {isa = PBXFileReference; lastKnownFileType = sourcecode.c.objc; path = GrinnellPlans_iOSTests.m; sourceTree = "<group>"; };
		8B52BFE618C2665C00857982 /* Plan.h */ = {isa = PBXFileReference; fileEncoding = 4; lastKnownFileType = sourcecode.c.h; path = Plan.h; sourceTree = "<group>"; };
		8B52BFE718C2665C00857982 /* Plan.m */ = {isa = PBXFileReference; fileEncoding = 4; lastKnownFileType = sourcecode.c.objc; path = Plan.m; sourceTree = "<group>"; };
		8B52BFF018C2E0CD00857982 /* SyntexHighlightTextStorage.h */ = {isa = PBXFileReference; fileEncoding = 4; lastKnownFileType = sourcecode.c.h; path = SyntexHighlightTextStorage.h; sourceTree = "<group>"; };
		8B52BFF118C2E0CD00857982 /* SyntexHighlightTextStorage.m */ = {isa = PBXFileReference; fileEncoding = 4; lastKnownFileType = sourcecode.c.objc; path = SyntexHighlightTextStorage.m; sourceTree = "<group>"; };
		8B52BFF718C2EAA600857982 /* GTMNSString+HTML.h */ = {isa = PBXFileReference; fileEncoding = 4; lastKnownFileType = sourcecode.c.h; path = "GTMNSString+HTML.h"; sourceTree = "<group>"; };
		8B52BFF818C2EAA600857982 /* GTMNSString+HTML.m */ = {isa = PBXFileReference; fileEncoding = 4; lastKnownFileType = sourcecode.c.objc; path = "GTMNSString+HTML.m"; sourceTree = "<group>"; };
		8B52C09718C2ED7300857982 /* P2MSCaretView.h */ = {isa = PBXFileReference; fileEncoding = 4; lastKnownFileType = sourcecode.c.h; path = P2MSCaretView.h; sourceTree = "<group>"; };
		8B52C09818C2ED7300857982 /* P2MSCaretView.m */ = {isa = PBXFileReference; fileEncoding = 4; lastKnownFileType = sourcecode.c.objc; path = P2MSCaretView.m; sourceTree = "<group>"; };
		8B52C09918C2ED7300857982 /* P2MSContentView.h */ = {isa = PBXFileReference; fileEncoding = 4; lastKnownFileType = sourcecode.c.h; path = P2MSContentView.h; sourceTree = "<group>"; };
		8B52C09A18C2ED7300857982 /* P2MSContentView.m */ = {isa = PBXFileReference; fileEncoding = 4; lastKnownFileType = sourcecode.c.objc; path = P2MSContentView.m; sourceTree = "<group>"; };
		8B52C09B18C2ED7300857982 /* P2MSGlobalFunctions.h */ = {isa = PBXFileReference; fileEncoding = 4; lastKnownFileType = sourcecode.c.h; path = P2MSGlobalFunctions.h; sourceTree = "<group>"; };
		8B52C09C18C2ED7300857982 /* P2MSGlobalFunctions.m */ = {isa = PBXFileReference; fileEncoding = 4; lastKnownFileType = sourcecode.c.objc; path = P2MSGlobalFunctions.m; sourceTree = "<group>"; };
		8B52C09D18C2ED7300857982 /* P2MSHTMLNode.h */ = {isa = PBXFileReference; fileEncoding = 4; lastKnownFileType = sourcecode.c.h; path = P2MSHTMLNode.h; sourceTree = "<group>"; };
		8B52C09E18C2ED7300857982 /* P2MSHTMLNode.m */ = {isa = PBXFileReference; fileEncoding = 4; lastKnownFileType = sourcecode.c.objc; path = P2MSHTMLNode.m; sourceTree = "<group>"; };
		8B52C09F18C2ED7300857982 /* P2MSIndexedPosition.h */ = {isa = PBXFileReference; fileEncoding = 4; lastKnownFileType = sourcecode.c.h; path = P2MSIndexedPosition.h; sourceTree = "<group>"; };
		8B52C0A018C2ED7300857982 /* P2MSIndexedPosition.m */ = {isa = PBXFileReference; fileEncoding = 4; lastKnownFileType = sourcecode.c.objc; path = P2MSIndexedPosition.m; sourceTree = "<group>"; };
		8B52C0A118C2ED7300857982 /* P2MSIndexedRange.h */ = {isa = PBXFileReference; fileEncoding = 4; lastKnownFileType = sourcecode.c.h; path = P2MSIndexedRange.h; sourceTree = "<group>"; };
		8B52C0A218C2ED7300857982 /* P2MSIndexedRange.m */ = {isa = PBXFileReference; fileEncoding = 4; lastKnownFileType = sourcecode.c.objc; path = P2MSIndexedRange.m; sourceTree = "<group>"; };
		8B52C0A318C2ED7300857982 /* P2MSLinkViewController.h */ = {isa = PBXFileReference; fileEncoding = 4; lastKnownFileType = sourcecode.c.h; path = P2MSLinkViewController.h; sourceTree = "<group>"; };
		8B52C0A418C2ED7300857982 /* P2MSLinkViewController.m */ = {isa = PBXFileReference; fileEncoding = 4; lastKnownFileType = sourcecode.c.objc; path = P2MSLinkViewController.m; sourceTree = "<group>"; };
		8B52C0A518C2ED7300857982 /* P2MSSelectionView.h */ = {isa = PBXFileReference; fileEncoding = 4; lastKnownFileType = sourcecode.c.h; path = P2MSSelectionView.h; sourceTree = "<group>"; };
		8B52C0A618C2ED7300857982 /* P2MSSelectionView.m */ = {isa = PBXFileReference; fileEncoding = 4; lastKnownFileType = sourcecode.c.objc; path = P2MSSelectionView.m; sourceTree = "<group>"; };
		8B52C0A718C2ED7300857982 /* P2MSTextView.h */ = {isa = PBXFileReference; fileEncoding = 4; lastKnownFileType = sourcecode.c.h; path = P2MSTextView.h; sourceTree = "<group>"; };
		8B52C0A818C2ED7300857982 /* P2MSTextWindow.h */ = {isa = PBXFileReference; fileEncoding = 4; lastKnownFileType = sourcecode.c.h; path = P2MSTextWindow.h; sourceTree = "<group>"; };
		8B52C0A918C2ED7300857982 /* P2MSTextWindow.m */ = {isa = PBXFileReference; fileEncoding = 4; lastKnownFileType = sourcecode.c.objc; path = P2MSTextWindow.m; sourceTree = "<group>"; };
		8B52C0AA18C2ED7300857982 /* P2MSWindowView.h */ = {isa = PBXFileReference; fileEncoding = 4; lastKnownFileType = sourcecode.c.h; path = P2MSWindowView.h; sourceTree = "<group>"; };
		8B52C0AB18C2ED7300857982 /* P2MSWindowView.m */ = {isa = PBXFileReference; fileEncoding = 4; lastKnownFileType = sourcecode.c.objc; path = P2MSWindowView.m; sourceTree = "<group>"; };
		8B52C0B618C2ED9000857982 /* DefaultKB.png */ = {isa = PBXFileReference; lastKnownFileType = image.png; path = DefaultKB.png; sourceTree = "<group>"; };
		8B52C0B718C2ED9000857982 /* FormatKB.png */ = {isa = PBXFileReference; lastKnownFileType = image.png; path = FormatKB.png; sourceTree = "<group>"; };
		8B52C0BA18C2EDA700857982 /* alphabetKB-dim.png */ = {isa = PBXFileReference; lastKnownFileType = image.png; path = "alphabetKB-dim.png"; sourceTree = "<group>"; };
		8B52C0BB18C2EDA700857982 /* alphabetKB-dim@2x.png */ = {isa = PBXFileReference; lastKnownFileType = image.png; path = "alphabetKB-dim@2x.png"; sourceTree = "<group>"; };
		8B52C0BC18C2EDA700857982 /* alphabetKB.png */ = {isa = PBXFileReference; lastKnownFileType = image.png; path = alphabetKB.png; sourceTree = "<group>"; };
		8B52C0BD18C2EDA700857982 /* alphabetKB@2x.png */ = {isa = PBXFileReference; lastKnownFileType = image.png; path = "alphabetKB@2x.png"; sourceTree = "<group>"; };
		8B52C0BE18C2EDA700857982 /* blockquote-icon@2x.png */ = {isa = PBXFileReference; lastKnownFileType = image.png; path = "blockquote-icon@2x.png"; sourceTree = "<group>"; };
		8B52C0BF18C2EDA700857982 /* bold-icon-hover@2x.png */ = {isa = PBXFileReference; lastKnownFileType = image.png; path = "bold-icon-hover@2x.png"; sourceTree = "<group>"; };
		8B52C0C018C2EDA700857982 /* bold-icon@2x.png */ = {isa = PBXFileReference; lastKnownFileType = image.png; path = "bold-icon@2x.png"; sourceTree = "<group>"; };
		8B52C0C118C2EDA700857982 /* bullet-hover@2x.png */ = {isa = PBXFileReference; lastKnownFileType = image.png; path = "bullet-hover@2x.png"; sourceTree = "<group>"; };
		8B52C0C218C2EDA700857982 /* bullet@2x.png */ = {isa = PBXFileReference; lastKnownFileType = image.png; path = "bullet@2x.png"; sourceTree = "<group>"; };
		8B52C0C318C2EDA700857982 /* button_close@2x.png */ = {isa = PBXFileReference; lastKnownFileType = image.png; path = "button_close@2x.png"; sourceTree = "<group>"; };
		8B52C0C418C2EDA700857982 /* checkbox@2x.png */ = {isa = PBXFileReference; lastKnownFileType = image.png; path = "checkbox@2x.png"; sourceTree = "<group>"; };
		8B52C0C518C2EDA700857982 /* drag-dot@2x.png */ = {isa = PBXFileReference; lastKnownFileType = image.png; path = "drag-dot@2x.png"; sourceTree = "<group>"; };
		8B52C0C618C2EDA700857982 /* highlight-icon-hover@2x.png */ = {isa = PBXFileReference; lastKnownFileType = image.png; path = "highlight-icon-hover@2x.png"; sourceTree = "<group>"; };
		8B52C0C718C2EDA700857982 /* highlight-icon@2x.png */ = {isa = PBXFileReference; lastKnownFileType = image.png; path = "highlight-icon@2x.png"; sourceTree = "<group>"; };
		8B52C0C818C2EDA700857982 /* italic-icon-hover@2x.png */ = {isa = PBXFileReference; lastKnownFileType = image.png; path = "italic-icon-hover@2x.png"; sourceTree = "<group>"; };
		8B52C0C918C2EDA700857982 /* italic-icon@2x.png */ = {isa = PBXFileReference; lastKnownFileType = image.png; path = "italic-icon@2x.png"; sourceTree = "<group>"; };
		8B52C0CA18C2EDA700857982 /* keyboard_down_arrow.png */ = {isa = PBXFileReference; lastKnownFileType = image.png; path = keyboard_down_arrow.png; sourceTree = "<group>"; };
		8B52C0CB18C2EDA700857982 /* keyboard_down_arrow@2x.png */ = {isa = PBXFileReference; lastKnownFileType = image.png; path = "keyboard_down_arrow@2x.png"; sourceTree = "<group>"; };
		8B52C0CC18C2EDA700857982 /* keyboard_icon-hover.png */ = {isa = PBXFileReference; lastKnownFileType = image.png; path = "keyboard_icon-hover.png"; sourceTree = "<group>"; };
		8B52C0CD18C2EDA700857982 /* keyboard_icon-hover@2x.png */ = {isa = PBXFileReference; lastKnownFileType = image.png; path = "keyboard_icon-hover@2x.png"; sourceTree = "<group>"; };
		8B52C0CE18C2EDA700857982 /* keyboard_icon.png */ = {isa = PBXFileReference; lastKnownFileType = image.png; path = keyboard_icon.png; sourceTree = "<group>"; };
		8B52C0CF18C2EDA700857982 /* keyboard_icon@2x.png */ = {isa = PBXFileReference; lastKnownFileType = image.png; path = "keyboard_icon@2x.png"; sourceTree = "<group>"; };
		8B52C0D018C2EDA700857982 /* left-button-bg.png */ = {isa = PBXFileReference; lastKnownFileType = image.png; path = "left-button-bg.png"; sourceTree = "<group>"; };
		8B52C0D118C2EDA700857982 /* left-button-bg@2x.png */ = {isa = PBXFileReference; lastKnownFileType = image.png; path = "left-button-bg@2x.png"; sourceTree = "<group>"; };
		8B52C0D218C2EDA700857982 /* left-up-round-background.png */ = {isa = PBXFileReference; lastKnownFileType = image.png; path = "left-up-round-background.png"; sourceTree = "<group>"; };
		8B52C0D318C2EDA700857982 /* left-up-round-background@2x.png */ = {isa = PBXFileReference; lastKnownFileType = image.png; path = "left-up-round-background@2x.png"; sourceTree = "<group>"; };
		8B52C0D418C2EDA700857982 /* leftindent@2x.png */ = {isa = PBXFileReference; lastKnownFileType = image.png; path = "leftindent@2x.png"; sourceTree = "<group>"; };
		8B52C0D518C2EDA700857982 /* link-hover@2x.png */ = {isa = PBXFileReference; lastKnownFileType = image.png; path = "link-hover@2x.png"; sourceTree = "<group>"; };
		8B52C0D618C2EDA700857982 /* link@2x.png */ = {isa = PBXFileReference; lastKnownFileType = image.png; path = "link@2x.png"; sourceTree = "<group>"; };
		8B52C0D718C2EDA700857982 /* loading.png */ = {isa = PBXFileReference; lastKnownFileType = image.png; path = loading.png; sourceTree = "<group>"; };
		8B52C0D818C2EDA700857982 /* loading@2x.png */ = {isa = PBXFileReference; lastKnownFileType = image.png; path = "loading@2x.png"; sourceTree = "<group>"; };
		8B52C0D918C2EDA700857982 /* loupe-lo-old@2x.png */ = {isa = PBXFileReference; lastKnownFileType = image.png; path = "loupe-lo-old@2x.png"; sourceTree = "<group>"; };
		8B52C0DA18C2EDA700857982 /* loupe-mask@2x.png */ = {isa = PBXFileReference; lastKnownFileType = image.png; path = "loupe-mask@2x.png"; sourceTree = "<group>"; };
		8B52C0DB18C2EDA700857982 /* loupe@2x.png */ = {isa = PBXFileReference; lastKnownFileType = image.png; path = "loupe@2x.png"; sourceTree = "<group>"; };
		8B52C0DC18C2EDA700857982 /* magnifier-mask@2x.png */ = {isa = PBXFileReference; lastKnownFileType = image.png; path = "magnifier-mask@2x.png"; sourceTree = "<group>"; };
		8B52C0DD18C2EDA700857982 /* magnifier-ranged-lo@2x.png */ = {isa = PBXFileReference; lastKnownFileType = image.png; path = "magnifier-ranged-lo@2x.png"; sourceTree = "<group>"; };
		8B52C0DE18C2EDA700857982 /* magnifier-ranged-mask@2x.png */ = {isa = PBXFileReference; lastKnownFileType = image.png; path = "magnifier-ranged-mask@2x.png"; sourceTree = "<group>"; };
		8B52C0DF18C2EDA700857982 /* magnifier@2x.png */ = {isa = PBXFileReference; lastKnownFileType = image.png; path = "magnifier@2x.png"; sourceTree = "<group>"; };
		8B52C0E018C2EDA700857982 /* numbering-hover@2x.png */ = {isa = PBXFileReference; lastKnownFileType = image.png; path = "numbering-hover@2x.png"; sourceTree = "<group>"; };
		8B52C0E118C2EDA700857982 /* numbering@2x.png */ = {isa = PBXFileReference; lastKnownFileType = image.png; path = "numbering@2x.png"; sourceTree = "<group>"; };
		8B52C0E218C2EDA700857982 /* paragraph-icon@2x.png */ = {isa = PBXFileReference; lastKnownFileType = image.png; path = "paragraph-icon@2x.png"; sourceTree = "<group>"; };
		8B52C0E318C2EDA700857982 /* rectangle-background.png */ = {isa = PBXFileReference; lastKnownFileType = image.png; path = "rectangle-background.png"; sourceTree = "<group>"; };
		8B52C0E418C2EDA700857982 /* rectangle-background@2x.png */ = {isa = PBXFileReference; lastKnownFileType = image.png; path = "rectangle-background@2x.png"; sourceTree = "<group>"; };
		8B52C0E518C2EDA700857982 /* right-up-round-background.png */ = {isa = PBXFileReference; lastKnownFileType = image.png; path = "right-up-round-background.png"; sourceTree = "<group>"; };
		8B52C0E618C2EDA700857982 /* right-up-round-background@2x.png */ = {isa = PBXFileReference; lastKnownFileType = image.png; path = "right-up-round-background@2x.png"; sourceTree = "<group>"; };
		8B52C0E718C2EDA700857982 /* rightindent.png */ = {isa = PBXFileReference; lastKnownFileType = image.png; path = rightindent.png; sourceTree = "<group>"; };
		8B52C0E818C2EDA700857982 /* rightindent@2x.png */ = {isa = PBXFileReference; lastKnownFileType = image.png; path = "rightindent@2x.png"; sourceTree = "<group>"; };
		8B52C0E918C2EDA700857982 /* round-corner-button.png */ = {isa = PBXFileReference; lastKnownFileType = image.png; path = "round-corner-button.png"; sourceTree = "<group>"; };
		8B52C0EA18C2EDA700857982 /* round-corner-button@2x.png */ = {isa = PBXFileReference; lastKnownFileType = image.png; path = "round-corner-button@2x.png"; sourceTree = "<group>"; };
		8B52C0EB18C2EDA700857982 /* section-icon.png */ = {isa = PBXFileReference; lastKnownFileType = image.png; path = "section-icon.png"; sourceTree = "<group>"; };
		8B52C0EC18C2EDA700857982 /* section-icon@2x.png */ = {isa = PBXFileReference; lastKnownFileType = image.png; path = "section-icon@2x.png"; sourceTree = "<group>"; };
		8B52C0ED18C2EDA700857982 /* selection-dot@2x.png */ = {isa = PBXFileReference; lastKnownFileType = image.png; path = "selection-dot@2x.png"; sourceTree = "<group>"; };
		8B52C0EE18C2EDA700857982 /* strike-icon-hover@2x.png */ = {isa = PBXFileReference; lastKnownFileType = image.png; path = "strike-icon-hover@2x.png"; sourceTree = "<group>"; };
		8B52C0EF18C2EDA700857982 /* strike-icon@2x.png */ = {isa = PBXFileReference; lastKnownFileType = image.png; path = "strike-icon@2x.png"; sourceTree = "<group>"; };
		8B52C0F018C2EDA700857982 /* subsection-icon@2x.png */ = {isa = PBXFileReference; lastKnownFileType = image.png; path = "subsection-icon@2x.png"; sourceTree = "<group>"; };
		8B52C0F118C2EDA700857982 /* underline-icon-hover@2x.png */ = {isa = PBXFileReference; lastKnownFileType = image.png; path = "underline-icon-hover@2x.png"; sourceTree = "<group>"; };
		8B52C0F218C2EDA700857982 /* underline-icon@2x.png */ = {isa = PBXFileReference; lastKnownFileType = image.png; path = "underline-icon@2x.png"; sourceTree = "<group>"; };
		8B540B7F18C2F3D200AB192E /* P2MSTextView.m */ = {isa = PBXFileReference; fileEncoding = 4; lastKnownFileType = sourcecode.c.objc; path = P2MSTextView.m; sourceTree = "<group>"; };
		8B77930018B2CAE9007404B9 /* AutoReadCell.h */ = {isa = PBXFileReference; fileEncoding = 4; lastKnownFileType = sourcecode.c.h; path = AutoReadCell.h; sourceTree = "<group>"; };
		8B77930118B2CAE9007404B9 /* AutoReadCell.m */ = {isa = PBXFileReference; fileEncoding = 4; lastKnownFileType = sourcecode.c.objc; path = AutoReadCell.m; sourceTree = "<group>"; };
		D0C3AD7E1918435F00418587 /* MainViewController.h */ = {isa = PBXFileReference; fileEncoding = 4; lastKnownFileType = sourcecode.c.h; path = MainViewController.h; sourceTree = "<group>"; };
		D0C3AD7F1918435F00418587 /* MainViewController.m */ = {isa = PBXFileReference; fileEncoding = 4; lastKnownFileType = sourcecode.c.objc; path = MainViewController.m; sourceTree = "<group>"; };
		D0C9D5FE191BF8650084F061 /* AutoreadMenuViewController.h */ = {isa = PBXFileReference; fileEncoding = 4; lastKnownFileType = sourcecode.c.h; path = AutoreadMenuViewController.h; sourceTree = "<group>"; };
		D0C9D5FF191BF8650084F061 /* AutoreadMenuViewController.m */ = {isa = PBXFileReference; fileEncoding = 4; lastKnownFileType = sourcecode.c.objc; path = AutoreadMenuViewController.m; sourceTree = "<group>"; };
		D0C9D601191BF9380084F061 /* MainMenuTableViewController.h */ = {isa = PBXFileReference; fileEncoding = 4; lastKnownFileType = sourcecode.c.h; path = MainMenuTableViewController.h; sourceTree = "<group>"; };
		D0C9D602191BF9380084F061 /* MainMenuTableViewController.m */ = {isa = PBXFileReference; fileEncoding = 4; lastKnownFileType = sourcecode.c.objc; path = MainMenuTableViewController.m; sourceTree = "<group>"; };
		D0F5FD19191C2A4600CDC427 /* EditPlanViewController.h */ = {isa = PBXFileReference; fileEncoding = 4; lastKnownFileType = sourcecode.c.h; path = EditPlanViewController.h; sourceTree = "<group>"; };
		D0F5FD1A191C2A4600CDC427 /* EditPlanViewController.m */ = {isa = PBXFileReference; fileEncoding = 4; lastKnownFileType = sourcecode.c.objc; path = EditPlanViewController.m; sourceTree = "<group>"; };
		D0F5FD1C191C2CF900CDC427 /* QuickLoveViewController.h */ = {isa = PBXFileReference; fileEncoding = 4; lastKnownFileType = sourcecode.c.h; path = QuickLoveViewController.h; sourceTree = "<group>"; };
		D0F5FD1D191C2CF900CDC427 /* QuickLoveViewController.m */ = {isa = PBXFileReference; fileEncoding = 4; lastKnownFileType = sourcecode.c.objc; path = QuickLoveViewController.m; sourceTree = "<group>"; };
		E8847BF72C314F4CBD5C64B7 /* Pods.xcconfig */ = {isa = PBXFileReference; includeInIndex = 1; lastKnownFileType = text.xcconfig; name = Pods.xcconfig; path = Pods/Pods.xcconfig; sourceTree = "<group>"; };
		FF27D8043F4B4F6D8255F490 /* libPods.a */ = {isa = PBXFileReference; explicitFileType = archive.ar; includeInIndex = 0; path = libPods.a; sourceTree = BUILT_PRODUCTS_DIR; };
/* End PBXFileReference section */

/* Begin PBXFrameworksBuildPhase section */
		8B0463A018A04F1A00869FE7 /* Frameworks */ = {
			isa = PBXFrameworksBuildPhase;
			buildActionMask = 2147483647;
			files = (
				8B0463A918A04F1A00869FE7 /* CoreGraphics.framework in Frameworks */,
				8B0463AB18A04F1A00869FE7 /* UIKit.framework in Frameworks */,
				8B0463A718A04F1A00869FE7 /* Foundation.framework in Frameworks */,
				BB995030D7744477A697B888 /* libPods.a in Frameworks */,
			);
			runOnlyForDeploymentPostprocessing = 0;
		};
		8B0463C118A04F1A00869FE7 /* Frameworks */ = {
			isa = PBXFrameworksBuildPhase;
			buildActionMask = 2147483647;
			files = (
				8B0463C618A04F1A00869FE7 /* XCTest.framework in Frameworks */,
				8B0463C818A04F1A00869FE7 /* UIKit.framework in Frameworks */,
				8B0463C718A04F1A00869FE7 /* Foundation.framework in Frameworks */,
			);
			runOnlyForDeploymentPostprocessing = 0;
		};
/* End PBXFrameworksBuildPhase section */

/* Begin PBXGroup section */
		8B04639A18A04F1A00869FE7 = {
			isa = PBXGroup;
			children = (
				8B0463AC18A04F1A00869FE7 /* GrinnellPlans-iOS */,
				8B0463CB18A04F1A00869FE7 /* GrinnellPlans-iOSTests */,
				8B0463A518A04F1A00869FE7 /* Frameworks */,
				8B0463A418A04F1A00869FE7 /* Products */,
				E8847BF72C314F4CBD5C64B7 /* Pods.xcconfig */,
			);
			sourceTree = "<group>";
		};
		8B0463A418A04F1A00869FE7 /* Products */ = {
			isa = PBXGroup;
			children = (
				8B0463A318A04F1A00869FE7 /* GrinnellPlans-iOS.app */,
				8B0463C418A04F1A00869FE7 /* GrinnellPlans-iOSTests.xctest */,
			);
			name = Products;
			sourceTree = "<group>";
		};
		8B0463A518A04F1A00869FE7 /* Frameworks */ = {
			isa = PBXGroup;
			children = (
				8B0463A618A04F1A00869FE7 /* Foundation.framework */,
				8B0463A818A04F1A00869FE7 /* CoreGraphics.framework */,
				8B0463AA18A04F1A00869FE7 /* UIKit.framework */,
				8B0463C518A04F1A00869FE7 /* XCTest.framework */,
				FF27D8043F4B4F6D8255F490 /* libPods.a */,
			);
			name = Frameworks;
			sourceTree = "<group>";
		};
		8B0463AC18A04F1A00869FE7 /* GrinnellPlans-iOS */ = {
			isa = PBXGroup;
			children = (
				D0C3AD7D191841F700418587 /* Third Party Libraries */,
				8B7792FC18B2CACC007404B9 /* Models */,
				8B0463B518A04F1A00869FE7 /* AppDelegate.h */,
				8B0463B618A04F1A00869FE7 /* AppDelegate.m */,
				8B0463BE18A04F1A00869FE7 /* Images.xcassets */,
				8B0463B818A04F1A00869FE7 /* Main.storyboard */,
				D0F5FD1C191C2CF900CDC427 /* QuickLoveViewController.h */,
				D0F5FD1D191C2CF900CDC427 /* QuickLoveViewController.m */,
				D0C9D601191BF9380084F061 /* MainMenuTableViewController.h */,
				D0C9D602191BF9380084F061 /* MainMenuTableViewController.m */,
				D0C9D5FE191BF8650084F061 /* AutoreadMenuViewController.h */,
				D0C9D5FF191BF8650084F061 /* AutoreadMenuViewController.m */,
				D0F5FD19191C2A4600CDC427 /* EditPlanViewController.h */,
				D0F5FD1A191C2A4600CDC427 /* EditPlanViewController.m */,
				D0C3AD7E1918435F00418587 /* MainViewController.h */,
				D0C3AD7F1918435F00418587 /* MainViewController.m */,
				8B0463AD18A04F1A00869FE7 /* Supporting Files */,
			);
			path = "GrinnellPlans-iOS";
			sourceTree = "<group>";
		};
		8B0463AD18A04F1A00869FE7 /* Supporting Files */ = {
			isa = PBXGroup;
			children = (
				8B0463AE18A04F1A00869FE7 /* GrinnellPlans-iOS-Info.plist */,
				8B0463AF18A04F1A00869FE7 /* InfoPlist.strings */,
				8B0463B218A04F1A00869FE7 /* main.m */,
				8B0463B418A04F1A00869FE7 /* GrinnellPlans-iOS-Prefix.pch */,
			);
			name = "Supporting Files";
			sourceTree = "<group>";
		};
		8B0463CB18A04F1A00869FE7 /* GrinnellPlans-iOSTests */ = {
			isa = PBXGroup;
			children = (
				8B0463D118A04F1A00869FE7 /* GrinnellPlans_iOSTests.m */,
				8B0463CC18A04F1A00869FE7 /* Supporting Files */,
			);
			path = "GrinnellPlans-iOSTests";
			sourceTree = "<group>";
		};
		8B0463CC18A04F1A00869FE7 /* Supporting Files */ = {
			isa = PBXGroup;
			children = (
				8B0463CD18A04F1A00869FE7 /* GrinnellPlans-iOSTests-Info.plist */,
				8B0463CE18A04F1A00869FE7 /* InfoPlist.strings */,
			);
			name = "Supporting Files";
			sourceTree = "<group>";
		};
		8B52BFEC18C2E09000857982 /* P2MS HTML Parsing */ = {
			isa = PBXGroup;
			children = (
				8B52BFFF18C2ED0C00857982 /* Images */,
				8B52BFFD18C2ECF900857982 /* Classes */,
				8B52BFF718C2EAA600857982 /* GTMNSString+HTML.h */,
				8B52BFF818C2EAA600857982 /* GTMNSString+HTML.m */,
				8B52BFF018C2E0CD00857982 /* SyntexHighlightTextStorage.h */,
				8B52BFF118C2E0CD00857982 /* SyntexHighlightTextStorage.m */,
			);
			name = "P2MS HTML Parsing";
			sourceTree = "<group>";
		};
		8B52BFFD18C2ECF900857982 /* Classes */ = {
			isa = PBXGroup;
			children = (
				8B52C09718C2ED7300857982 /* P2MSCaretView.h */,
				8B52C09818C2ED7300857982 /* P2MSCaretView.m */,
				8B52C09918C2ED7300857982 /* P2MSContentView.h */,
				8B52C09A18C2ED7300857982 /* P2MSContentView.m */,
				8B52C09B18C2ED7300857982 /* P2MSGlobalFunctions.h */,
				8B52C09C18C2ED7300857982 /* P2MSGlobalFunctions.m */,
				8B52C09D18C2ED7300857982 /* P2MSHTMLNode.h */,
				8B52C09E18C2ED7300857982 /* P2MSHTMLNode.m */,
				8B52C09F18C2ED7300857982 /* P2MSIndexedPosition.h */,
				8B52C0A018C2ED7300857982 /* P2MSIndexedPosition.m */,
				8B52C0A118C2ED7300857982 /* P2MSIndexedRange.h */,
				8B52C0A218C2ED7300857982 /* P2MSIndexedRange.m */,
				8B52C0A318C2ED7300857982 /* P2MSLinkViewController.h */,
				8B52C0A418C2ED7300857982 /* P2MSLinkViewController.m */,
				8B52C0A518C2ED7300857982 /* P2MSSelectionView.h */,
				8B52C0A618C2ED7300857982 /* P2MSSelectionView.m */,
				8B52C0A718C2ED7300857982 /* P2MSTextView.h */,
				8B540B7F18C2F3D200AB192E /* P2MSTextView.m */,
				8B52C0A818C2ED7300857982 /* P2MSTextWindow.h */,
				8B52C0A918C2ED7300857982 /* P2MSTextWindow.m */,
				8B52C0AA18C2ED7300857982 /* P2MSWindowView.h */,
				8B52C0AB18C2ED7300857982 /* P2MSWindowView.m */,
				8B52BFFE18C2ED0700857982 /* Images */,
			);
			name = Classes;
			sourceTree = "<group>";
		};
		8B52BFFE18C2ED0700857982 /* Images */ = {
			isa = PBXGroup;
			children = (
				8B52C0BA18C2EDA700857982 /* alphabetKB-dim.png */,
				8B52C0BB18C2EDA700857982 /* alphabetKB-dim@2x.png */,
				8B52C0BC18C2EDA700857982 /* alphabetKB.png */,
				8B52C0BD18C2EDA700857982 /* alphabetKB@2x.png */,
				8B52C0BE18C2EDA700857982 /* blockquote-icon@2x.png */,
				8B52C0BF18C2EDA700857982 /* bold-icon-hover@2x.png */,
				8B52C0C018C2EDA700857982 /* bold-icon@2x.png */,
				8B52C0C118C2EDA700857982 /* bullet-hover@2x.png */,
				8B52C0C218C2EDA700857982 /* bullet@2x.png */,
				8B52C0C318C2EDA700857982 /* button_close@2x.png */,
				8B52C0C418C2EDA700857982 /* checkbox@2x.png */,
				8B52C0C518C2EDA700857982 /* drag-dot@2x.png */,
				8B52C0C618C2EDA700857982 /* highlight-icon-hover@2x.png */,
				8B52C0C718C2EDA700857982 /* highlight-icon@2x.png */,
				8B52C0C818C2EDA700857982 /* italic-icon-hover@2x.png */,
				8B52C0C918C2EDA700857982 /* italic-icon@2x.png */,
				8B52C0CA18C2EDA700857982 /* keyboard_down_arrow.png */,
				8B52C0CB18C2EDA700857982 /* keyboard_down_arrow@2x.png */,
				8B52C0CC18C2EDA700857982 /* keyboard_icon-hover.png */,
				8B52C0CD18C2EDA700857982 /* keyboard_icon-hover@2x.png */,
				8B52C0CE18C2EDA700857982 /* keyboard_icon.png */,
				8B52C0CF18C2EDA700857982 /* keyboard_icon@2x.png */,
				8B52C0D018C2EDA700857982 /* left-button-bg.png */,
				8B52C0D118C2EDA700857982 /* left-button-bg@2x.png */,
				8B52C0D218C2EDA700857982 /* left-up-round-background.png */,
				8B52C0D318C2EDA700857982 /* left-up-round-background@2x.png */,
				8B52C0D418C2EDA700857982 /* leftindent@2x.png */,
				8B52C0D518C2EDA700857982 /* link-hover@2x.png */,
				8B52C0D618C2EDA700857982 /* link@2x.png */,
				8B52C0D718C2EDA700857982 /* loading.png */,
				8B52C0D818C2EDA700857982 /* loading@2x.png */,
				8B52C0D918C2EDA700857982 /* loupe-lo-old@2x.png */,
				8B52C0DA18C2EDA700857982 /* loupe-mask@2x.png */,
				8B52C0DB18C2EDA700857982 /* loupe@2x.png */,
				8B52C0DC18C2EDA700857982 /* magnifier-mask@2x.png */,
				8B52C0DD18C2EDA700857982 /* magnifier-ranged-lo@2x.png */,
				8B52C0DE18C2EDA700857982 /* magnifier-ranged-mask@2x.png */,
				8B52C0DF18C2EDA700857982 /* magnifier@2x.png */,
				8B52C0E018C2EDA700857982 /* numbering-hover@2x.png */,
				8B52C0E118C2EDA700857982 /* numbering@2x.png */,
				8B52C0E218C2EDA700857982 /* paragraph-icon@2x.png */,
				8B52C0E318C2EDA700857982 /* rectangle-background.png */,
				8B52C0E418C2EDA700857982 /* rectangle-background@2x.png */,
				8B52C0E518C2EDA700857982 /* right-up-round-background.png */,
				8B52C0E618C2EDA700857982 /* right-up-round-background@2x.png */,
				8B52C0E718C2EDA700857982 /* rightindent.png */,
				8B52C0E818C2EDA700857982 /* rightindent@2x.png */,
				8B52C0E918C2EDA700857982 /* round-corner-button.png */,
				8B52C0EA18C2EDA700857982 /* round-corner-button@2x.png */,
				8B52C0EB18C2EDA700857982 /* section-icon.png */,
				8B52C0EC18C2EDA700857982 /* section-icon@2x.png */,
				8B52C0ED18C2EDA700857982 /* selection-dot@2x.png */,
				8B52C0EE18C2EDA700857982 /* strike-icon-hover@2x.png */,
				8B52C0EF18C2EDA700857982 /* strike-icon@2x.png */,
				8B52C0F018C2EDA700857982 /* subsection-icon@2x.png */,
				8B52C0F118C2EDA700857982 /* underline-icon-hover@2x.png */,
				8B52C0F218C2EDA700857982 /* underline-icon@2x.png */,
			);
			name = Images;
			sourceTree = "<group>";
		};
		8B52BFFF18C2ED0C00857982 /* Images */ = {
			isa = PBXGroup;
			children = (
				8B52C0B618C2ED9000857982 /* DefaultKB.png */,
				8B52C0B718C2ED9000857982 /* FormatKB.png */,
			);
			name = Images;
			sourceTree = "<group>";
		};
		8B7792FC18B2CACC007404B9 /* Models */ = {
			isa = PBXGroup;
			children = (
				8B77930018B2CAE9007404B9 /* AutoReadCell.h */,
				8B77930118B2CAE9007404B9 /* AutoReadCell.m */,
				8B52BFE618C2665C00857982 /* Plan.h */,
				8B52BFE718C2665C00857982 /* Plan.m */,
			);
			name = Models;
			sourceTree = "<group>";
		};
		D0C3AD7D191841F700418587 /* Third Party Libraries */ = {
			isa = PBXGroup;
			children = (
				8B52BFEC18C2E09000857982 /* P2MS HTML Parsing */,
			);
			name = "Third Party Libraries";
			sourceTree = "<group>";
		};
/* End PBXGroup section */

/* Begin PBXNativeTarget section */
		8B0463A218A04F1A00869FE7 /* GrinnellPlans-iOS */ = {
			isa = PBXNativeTarget;
			buildConfigurationList = 8B0463D518A04F1A00869FE7 /* Build configuration list for PBXNativeTarget "GrinnellPlans-iOS" */;
			buildPhases = (
				399ABE1A06864326AA93422D /* Check Pods Manifest.lock */,
				8B04639F18A04F1A00869FE7 /* Sources */,
				8B0463A018A04F1A00869FE7 /* Frameworks */,
				8B0463A118A04F1A00869FE7 /* Resources */,
				8E362995500B43959E54A8B9 /* Copy Pods Resources */,
			);
			buildRules = (
			);
			dependencies = (
			);
			name = "GrinnellPlans-iOS";
			productName = "GrinnellPlans-iOS";
			productReference = 8B0463A318A04F1A00869FE7 /* GrinnellPlans-iOS.app */;
			productType = "com.apple.product-type.application";
		};
		8B0463C318A04F1A00869FE7 /* GrinnellPlans-iOSTests */ = {
			isa = PBXNativeTarget;
			buildConfigurationList = 8B0463D818A04F1A00869FE7 /* Build configuration list for PBXNativeTarget "GrinnellPlans-iOSTests" */;
			buildPhases = (
				8B0463C018A04F1A00869FE7 /* Sources */,
				8B0463C118A04F1A00869FE7 /* Frameworks */,
				8B0463C218A04F1A00869FE7 /* Resources */,
			);
			buildRules = (
			);
			dependencies = (
				8B0463CA18A04F1A00869FE7 /* PBXTargetDependency */,
			);
			name = "GrinnellPlans-iOSTests";
			productName = "GrinnellPlans-iOSTests";
			productReference = 8B0463C418A04F1A00869FE7 /* GrinnellPlans-iOSTests.xctest */;
			productType = "com.apple.product-type.bundle.unit-test";
		};
/* End PBXNativeTarget section */

/* Begin PBXProject section */
		8B04639B18A04F1A00869FE7 /* Project object */ = {
			isa = PBXProject;
			attributes = {
				LastUpgradeCheck = 0510;
				ORGANIZATIONNAME = "Lea Marolt Sonnenschein";
				TargetAttributes = {
					8B0463C318A04F1A00869FE7 = {
						TestTargetID = 8B0463A218A04F1A00869FE7;
					};
				};
			};
			buildConfigurationList = 8B04639E18A04F1A00869FE7 /* Build configuration list for PBXProject "GrinnellPlans-iOS" */;
			compatibilityVersion = "Xcode 3.2";
			developmentRegion = English;
			hasScannedForEncodings = 0;
			knownRegions = (
				en,
				Base,
			);
			mainGroup = 8B04639A18A04F1A00869FE7;
			productRefGroup = 8B0463A418A04F1A00869FE7 /* Products */;
			projectDirPath = "";
			projectRoot = "";
			targets = (
				8B0463A218A04F1A00869FE7 /* GrinnellPlans-iOS */,
				8B0463C318A04F1A00869FE7 /* GrinnellPlans-iOSTests */,
			);
		};
/* End PBXProject section */

/* Begin PBXResourcesBuildPhase section */
		8B0463A118A04F1A00869FE7 /* Resources */ = {
			isa = PBXResourcesBuildPhase;
			buildActionMask = 2147483647;
			files = (
				8B52C12918C2EDA800857982 /* subsection-icon@2x.png in Resources */,
				8B52C10A18C2EDA800857982 /* left-button-bg@2x.png in Resources */,
				8B52C11718C2EDA800857982 /* magnifier-ranged-mask@2x.png in Resources */,
				8B52C12018C2EDA800857982 /* rightindent.png in Resources */,
				8B52C0F718C2EDA800857982 /* blockquote-icon@2x.png in Resources */,
				8B52C10718C2EDA800857982 /* keyboard_icon.png in Resources */,
				8B52C11118C2EDA800857982 /* loading@2x.png in Resources */,
				8B52C10918C2EDA800857982 /* left-button-bg.png in Resources */,
				8B52C0FF18C2EDA800857982 /* highlight-icon-hover@2x.png in Resources */,
				8B52C12118C2EDA800857982 /* rightindent@2x.png in Resources */,
				8B52C12218C2EDA800857982 /* round-corner-button.png in Resources */,
				8B52C11D18C2EDA800857982 /* rectangle-background@2x.png in Resources */,
				8B52C10418C2EDA800857982 /* keyboard_down_arrow@2x.png in Resources */,
				8B52C0F518C2EDA800857982 /* alphabetKB.png in Resources */,
				8B52C10218C2EDA800857982 /* italic-icon@2x.png in Resources */,
				8B52C0B818C2ED9000857982 /* DefaultKB.png in Resources */,
				8B52C12818C2EDA800857982 /* strike-icon@2x.png in Resources */,
				8B52C12518C2EDA800857982 /* section-icon@2x.png in Resources */,
				8B52C10018C2EDA800857982 /* highlight-icon@2x.png in Resources */,
				8B52C10F18C2EDA800857982 /* link@2x.png in Resources */,
				8B52C0F818C2EDA800857982 /* bold-icon-hover@2x.png in Resources */,
				8B52C10618C2EDA800857982 /* keyboard_icon-hover@2x.png in Resources */,
				8B52C11C18C2EDA800857982 /* rectangle-background.png in Resources */,
				8B52C11E18C2EDA800857982 /* right-up-round-background.png in Resources */,
				8B52C11918C2EDA800857982 /* numbering-hover@2x.png in Resources */,
				8B52C11018C2EDA800857982 /* loading.png in Resources */,
				8B0463BF18A04F1A00869FE7 /* Images.xcassets in Resources */,
				8B52C11A18C2EDA800857982 /* numbering@2x.png in Resources */,
				8B52C11618C2EDA800857982 /* magnifier-ranged-lo@2x.png in Resources */,
				8B52C10B18C2EDA800857982 /* left-up-round-background.png in Resources */,
				8B52C12418C2EDA800857982 /* section-icon.png in Resources */,
				8B52C10C18C2EDA800857982 /* left-up-round-background@2x.png in Resources */,
				8B52C0F418C2EDA800857982 /* alphabetKB-dim@2x.png in Resources */,
				8B52C10118C2EDA800857982 /* italic-icon-hover@2x.png in Resources */,
				8B52C0FE18C2EDA800857982 /* drag-dot@2x.png in Resources */,
				8B52C10D18C2EDA800857982 /* leftindent@2x.png in Resources */,
				8B0463B118A04F1A00869FE7 /* InfoPlist.strings in Resources */,
				8B52C11818C2EDA800857982 /* magnifier@2x.png in Resources */,
				8B52C0F318C2EDA800857982 /* alphabetKB-dim.png in Resources */,
				8B52C11B18C2EDA800857982 /* paragraph-icon@2x.png in Resources */,
				8B52C10318C2EDA800857982 /* keyboard_down_arrow.png in Resources */,
				8B52C0FD18C2EDA800857982 /* checkbox@2x.png in Resources */,
				8B52C12318C2EDA800857982 /* round-corner-button@2x.png in Resources */,
				8B0463BA18A04F1A00869FE7 /* Main.storyboard in Resources */,
				8B52C0F918C2EDA800857982 /* bold-icon@2x.png in Resources */,
				8B52C0B918C2ED9000857982 /* FormatKB.png in Resources */,
				8B52C10518C2EDA800857982 /* keyboard_icon-hover.png in Resources */,
				8B52C11418C2EDA800857982 /* loupe@2x.png in Resources */,
				8B52C0FA18C2EDA800857982 /* bullet-hover@2x.png in Resources */,
				8B52C12A18C2EDA800857982 /* underline-icon-hover@2x.png in Resources */,
				8B52C0F618C2EDA800857982 /* alphabetKB@2x.png in Resources */,
				8B52C11518C2EDA800857982 /* magnifier-mask@2x.png in Resources */,
				8B52C11F18C2EDA800857982 /* right-up-round-background@2x.png in Resources */,
				8B52C0FC18C2EDA800857982 /* button_close@2x.png in Resources */,
				8B52C12B18C2EDA800857982 /* underline-icon@2x.png in Resources */,
				8B52C0FB18C2EDA800857982 /* bullet@2x.png in Resources */,
				8B52C10818C2EDA800857982 /* keyboard_icon@2x.png in Resources */,
				8B52C11218C2EDA800857982 /* loupe-lo-old@2x.png in Resources */,
				8B52C12618C2EDA800857982 /* selection-dot@2x.png in Resources */,
				8B52C11318C2EDA800857982 /* loupe-mask@2x.png in Resources */,
				8B52C12718C2EDA800857982 /* strike-icon-hover@2x.png in Resources */,
				8B52C10E18C2EDA800857982 /* link-hover@2x.png in Resources */,
			);
			runOnlyForDeploymentPostprocessing = 0;
		};
		8B0463C218A04F1A00869FE7 /* Resources */ = {
			isa = PBXResourcesBuildPhase;
			buildActionMask = 2147483647;
			files = (
				8B0463D018A04F1A00869FE7 /* InfoPlist.strings in Resources */,
			);
			runOnlyForDeploymentPostprocessing = 0;
		};
/* End PBXResourcesBuildPhase section */

/* Begin PBXShellScriptBuildPhase section */
		399ABE1A06864326AA93422D /* Check Pods Manifest.lock */ = {
			isa = PBXShellScriptBuildPhase;
			buildActionMask = 2147483647;
			files = (
			);
			inputPaths = (
			);
			name = "Check Pods Manifest.lock";
			outputPaths = (
			);
			runOnlyForDeploymentPostprocessing = 0;
			shellPath = /bin/sh;
			shellScript = "diff \"${PODS_ROOT}/../Podfile.lock\" \"${PODS_ROOT}/Manifest.lock\" > /dev/null\nif [[ $? != 0 ]] ; then\n    cat << EOM\nerror: The sandbox is not in sync with the Podfile.lock. Run 'pod install' or update your CocoaPods installation.\nEOM\n    exit 1\nfi\n";
			showEnvVarsInLog = 0;
		};
		8E362995500B43959E54A8B9 /* Copy Pods Resources */ = {
			isa = PBXShellScriptBuildPhase;
			buildActionMask = 2147483647;
			files = (
			);
			inputPaths = (
			);
			name = "Copy Pods Resources";
			outputPaths = (
			);
			runOnlyForDeploymentPostprocessing = 0;
			shellPath = /bin/sh;
			shellScript = "\"${SRCROOT}/Pods/Pods-resources.sh\"\n";
			showEnvVarsInLog = 0;
		};
/* End PBXShellScriptBuildPhase section */

/* Begin PBXSourcesBuildPhase section */
		8B04639F18A04F1A00869FE7 /* Sources */ = {
			isa = PBXSourcesBuildPhase;
			buildActionMask = 2147483647;
			files = (
				8B52BFE818C2665C00857982 /* Plan.m in Sources */,
				D0C9D600191BF8650084F061 /* AutoreadMenuViewController.m in Sources */,
				8B52C0B218C2ED7300857982 /* P2MSLinkViewController.m in Sources */,
				8B52C0B018C2ED7300857982 /* P2MSIndexedPosition.m in Sources */,
				D0F5FD1E191C2CF900CDC427 /* QuickLoveViewController.m in Sources */,
				8B540B8018C2F3D200AB192E /* P2MSTextView.m in Sources */,
				8B52C0B518C2ED7300857982 /* P2MSWindowView.m in Sources */,
				8B52C0B118C2ED7300857982 /* P2MSIndexedRange.m in Sources */,
				8B52C0AE18C2ED7300857982 /* P2MSGlobalFunctions.m in Sources */,
				D0F5FD1B191C2A4600CDC427 /* EditPlanViewController.m in Sources */,
				8B52C0AF18C2ED7300857982 /* P2MSHTMLNode.m in Sources */,
				D0C9D603191BF9380084F061 /* MainMenuTableViewController.m in Sources */,
				8B52C0B318C2ED7300857982 /* P2MSSelectionView.m in Sources */,
				8B0463B718A04F1A00869FE7 /* AppDelegate.m in Sources */,
				8B52C0AD18C2ED7300857982 /* P2MSContentView.m in Sources */,
				8B52C0AC18C2ED7300857982 /* P2MSCaretView.m in Sources */,
				D0C3AD801918435F00418587 /* MainViewController.m in Sources */,
				8B52BFF218C2E0CD00857982 /* SyntexHighlightTextStorage.m in Sources */,
				8B52C0B418C2ED7300857982 /* P2MSTextWindow.m in Sources */,
				8B0463B318A04F1A00869FE7 /* main.m in Sources */,
				8B77930218B2CAE9007404B9 /* AutoReadCell.m in Sources */,
				8B52BFFB18C2EAA600857982 /* GTMNSString+HTML.m in Sources */,
			);
			runOnlyForDeploymentPostprocessing = 0;
		};
		8B0463C018A04F1A00869FE7 /* Sources */ = {
			isa = PBXSourcesBuildPhase;
			buildActionMask = 2147483647;
			files = (
				8B0463D218A04F1A00869FE7 /* GrinnellPlans_iOSTests.m in Sources */,
			);
			runOnlyForDeploymentPostprocessing = 0;
		};
/* End PBXSourcesBuildPhase section */

/* Begin PBXTargetDependency section */
		8B0463CA18A04F1A00869FE7 /* PBXTargetDependency */ = {
			isa = PBXTargetDependency;
			target = 8B0463A218A04F1A00869FE7 /* GrinnellPlans-iOS */;
			targetProxy = 8B0463C918A04F1A00869FE7 /* PBXContainerItemProxy */;
		};
/* End PBXTargetDependency section */

/* Begin PBXVariantGroup section */
		8B0463AF18A04F1A00869FE7 /* InfoPlist.strings */ = {
			isa = PBXVariantGroup;
			children = (
				8B0463B018A04F1A00869FE7 /* en */,
			);
			name = InfoPlist.strings;
			sourceTree = "<group>";
		};
		8B0463B818A04F1A00869FE7 /* Main.storyboard */ = {
			isa = PBXVariantGroup;
			children = (
				8B0463B918A04F1A00869FE7 /* Base */,
			);
			name = Main.storyboard;
			sourceTree = "<group>";
		};
		8B0463CE18A04F1A00869FE7 /* InfoPlist.strings */ = {
			isa = PBXVariantGroup;
			children = (
				8B0463CF18A04F1A00869FE7 /* en */,
			);
			name = InfoPlist.strings;
			sourceTree = "<group>";
		};
/* End PBXVariantGroup section */

/* Begin XCBuildConfiguration section */
		8B0463D318A04F1A00869FE7 /* Debug */ = {
			isa = XCBuildConfiguration;
			buildSettings = {
				ALWAYS_SEARCH_USER_PATHS = NO;
				CLANG_CXX_LANGUAGE_STANDARD = "gnu++0x";
				CLANG_CXX_LIBRARY = "libc++";
				CLANG_ENABLE_MODULES = YES;
				CLANG_ENABLE_OBJC_ARC = YES;
				CLANG_WARN_BOOL_CONVERSION = YES;
				CLANG_WARN_CONSTANT_CONVERSION = YES;
				CLANG_WARN_DIRECT_OBJC_ISA_USAGE = YES_ERROR;
				CLANG_WARN_EMPTY_BODY = YES;
				CLANG_WARN_ENUM_CONVERSION = YES;
				CLANG_WARN_INT_CONVERSION = YES;
				CLANG_WARN_OBJC_ROOT_CLASS = YES_ERROR;
				CLANG_WARN__DUPLICATE_METHOD_MATCH = YES;
				"CODE_SIGN_IDENTITY[sdk=iphoneos*]" = "iPhone Developer";
				COPY_PHASE_STRIP = NO;
				GCC_C_LANGUAGE_STANDARD = gnu99;
				GCC_DYNAMIC_NO_PIC = NO;
				GCC_OPTIMIZATION_LEVEL = 0;
				GCC_PREPROCESSOR_DEFINITIONS = (
					"DEBUG=1",
					"$(inherited)",
				);
				GCC_SYMBOLS_PRIVATE_EXTERN = NO;
				GCC_WARN_64_TO_32_BIT_CONVERSION = YES;
				GCC_WARN_ABOUT_RETURN_TYPE = YES_ERROR;
				GCC_WARN_UNDECLARED_SELECTOR = YES;
				GCC_WARN_UNINITIALIZED_AUTOS = YES;
				GCC_WARN_UNUSED_FUNCTION = YES;
				GCC_WARN_UNUSED_VARIABLE = YES;
				IPHONEOS_DEPLOYMENT_TARGET = 7.0;
				ONLY_ACTIVE_ARCH = YES;
				SDKROOT = iphoneos;
			};
			name = Debug;
		};
		8B0463D418A04F1A00869FE7 /* Release */ = {
			isa = XCBuildConfiguration;
			buildSettings = {
				ALWAYS_SEARCH_USER_PATHS = NO;
				CLANG_CXX_LANGUAGE_STANDARD = "gnu++0x";
				CLANG_CXX_LIBRARY = "libc++";
				CLANG_ENABLE_MODULES = YES;
				CLANG_ENABLE_OBJC_ARC = YES;
				CLANG_WARN_BOOL_CONVERSION = YES;
				CLANG_WARN_CONSTANT_CONVERSION = YES;
				CLANG_WARN_DIRECT_OBJC_ISA_USAGE = YES_ERROR;
				CLANG_WARN_EMPTY_BODY = YES;
				CLANG_WARN_ENUM_CONVERSION = YES;
				CLANG_WARN_INT_CONVERSION = YES;
				CLANG_WARN_OBJC_ROOT_CLASS = YES_ERROR;
				CLANG_WARN__DUPLICATE_METHOD_MATCH = YES;
				"CODE_SIGN_IDENTITY[sdk=iphoneos*]" = "iPhone Developer";
				COPY_PHASE_STRIP = YES;
				ENABLE_NS_ASSERTIONS = NO;
				GCC_C_LANGUAGE_STANDARD = gnu99;
				GCC_WARN_64_TO_32_BIT_CONVERSION = YES;
				GCC_WARN_ABOUT_RETURN_TYPE = YES_ERROR;
				GCC_WARN_UNDECLARED_SELECTOR = YES;
				GCC_WARN_UNINITIALIZED_AUTOS = YES;
				GCC_WARN_UNUSED_FUNCTION = YES;
				GCC_WARN_UNUSED_VARIABLE = YES;
				IPHONEOS_DEPLOYMENT_TARGET = 7.0;
				SDKROOT = iphoneos;
				VALIDATE_PRODUCT = YES;
			};
			name = Release;
		};
		8B0463D618A04F1A00869FE7 /* Debug */ = {
			isa = XCBuildConfiguration;
			baseConfigurationReference = E8847BF72C314F4CBD5C64B7 /* Pods.xcconfig */;
			buildSettings = {
				ASSETCATALOG_COMPILER_APPICON_NAME = AppIcon;
				ASSETCATALOG_COMPILER_LAUNCHIMAGE_NAME = LaunchImage;
				GCC_PRECOMPILE_PREFIX_HEADER = YES;
				GCC_PREFIX_HEADER = "GrinnellPlans-iOS/GrinnellPlans-iOS-Prefix.pch";
				INFOPLIST_FILE = "GrinnellPlans-iOS/GrinnellPlans-iOS-Info.plist";
				PRODUCT_NAME = "$(TARGET_NAME)";
				WRAPPER_EXTENSION = app;
			};
			name = Debug;
		};
		8B0463D718A04F1A00869FE7 /* Release */ = {
			isa = XCBuildConfiguration;
			baseConfigurationReference = E8847BF72C314F4CBD5C64B7 /* Pods.xcconfig */;
			buildSettings = {
				ASSETCATALOG_COMPILER_APPICON_NAME = AppIcon;
				ASSETCATALOG_COMPILER_LAUNCHIMAGE_NAME = LaunchImage;
				GCC_PRECOMPILE_PREFIX_HEADER = YES;
				GCC_PREFIX_HEADER = "GrinnellPlans-iOS/GrinnellPlans-iOS-Prefix.pch";
				INFOPLIST_FILE = "GrinnellPlans-iOS/GrinnellPlans-iOS-Info.plist";
				PRODUCT_NAME = "$(TARGET_NAME)";
				WRAPPER_EXTENSION = app;
			};
			name = Release;
		};
		8B0463D918A04F1A00869FE7 /* Debug */ = {
			isa = XCBuildConfiguration;
			buildSettings = {
				BUNDLE_LOADER = "$(BUILT_PRODUCTS_DIR)/GrinnellPlans-iOS.app/GrinnellPlans-iOS";
				FRAMEWORK_SEARCH_PATHS = (
					"$(SDKROOT)/Developer/Library/Frameworks",
					"$(inherited)",
					"$(DEVELOPER_FRAMEWORKS_DIR)",
				);
				GCC_PRECOMPILE_PREFIX_HEADER = YES;
				GCC_PREFIX_HEADER = "GrinnellPlans-iOS/GrinnellPlans-iOS-Prefix.pch";
				GCC_PREPROCESSOR_DEFINITIONS = (
					"DEBUG=1",
					"$(inherited)",
				);
				INFOPLIST_FILE = "GrinnellPlans-iOSTests/GrinnellPlans-iOSTests-Info.plist";
				PRODUCT_NAME = "$(TARGET_NAME)";
				TEST_HOST = "$(BUNDLE_LOADER)";
				WRAPPER_EXTENSION = xctest;
			};
			name = Debug;
		};
		8B0463DA18A04F1A00869FE7 /* Release */ = {
			isa = XCBuildConfiguration;
			buildSettings = {
				BUNDLE_LOADER = "$(BUILT_PRODUCTS_DIR)/GrinnellPlans-iOS.app/GrinnellPlans-iOS";
				FRAMEWORK_SEARCH_PATHS = (
					"$(SDKROOT)/Developer/Library/Frameworks",
					"$(inherited)",
					"$(DEVELOPER_FRAMEWORKS_DIR)",
				);
				GCC_PRECOMPILE_PREFIX_HEADER = YES;
				GCC_PREFIX_HEADER = "GrinnellPlans-iOS/GrinnellPlans-iOS-Prefix.pch";
				INFOPLIST_FILE = "GrinnellPlans-iOSTests/GrinnellPlans-iOSTests-Info.plist";
				PRODUCT_NAME = "$(TARGET_NAME)";
				TEST_HOST = "$(BUNDLE_LOADER)";
				WRAPPER_EXTENSION = xctest;
			};
			name = Release;
		};
/* End XCBuildConfiguration section */

/* Begin XCConfigurationList section */
		8B04639E18A04F1A00869FE7 /* Build configuration list for PBXProject "GrinnellPlans-iOS" */ = {
			isa = XCConfigurationList;
			buildConfigurations = (
				8B0463D318A04F1A00869FE7 /* Debug */,
				8B0463D418A04F1A00869FE7 /* Release */,
			);
			defaultConfigurationIsVisible = 0;
			defaultConfigurationName = Release;
		};
		8B0463D518A04F1A00869FE7 /* Build configuration list for PBXNativeTarget "GrinnellPlans-iOS" */ = {
			isa = XCConfigurationList;
			buildConfigurations = (
				8B0463D618A04F1A00869FE7 /* Debug */,
				8B0463D718A04F1A00869FE7 /* Release */,
			);
			defaultConfigurationIsVisible = 0;
			defaultConfigurationName = Release;
		};
		8B0463D818A04F1A00869FE7 /* Build configuration list for PBXNativeTarget "GrinnellPlans-iOSTests" */ = {
			isa = XCConfigurationList;
			buildConfigurations = (
				8B0463D918A04F1A00869FE7 /* Debug */,
				8B0463DA18A04F1A00869FE7 /* Release */,
			);
			defaultConfigurationIsVisible = 0;
			defaultConfigurationName = Release;
		};
/* End XCConfigurationList section */
	};
	rootObject = 8B04639B18A04F1A00869FE7 /* Project object */;
}
